
Microsoft Visual Studio Solution File, Format Version 12.00
# Visual Studio 15
VisualStudioVersion = 15.0.28307.1209
MinimumVisualStudioVersion = 10.0.40219.1
Project("{9A19103F-16F7-4668-BE54-9A1E7A4F7556}") = "OneOfEach", "OneOfEach.csproj", "{0CABAC7F-13F1-4A73-A29E-3FD2D4816423}"
EndProject
Global
	GlobalSection(SolutionConfigurationPlatforms) = preSolution
		Debug|Any CPU = Debug|Any CPU
		Release|Any CPU = Release|Any CPU
	EndGlobalSection
	GlobalSection(ProjectConfigurationPlatforms) = postSolution
		{0CABAC7F-13F1-4A73-A29E-3FD2D4816423}.Debug|Any CPU.ActiveCfg = Debug|Any CPU
		{0CABAC7F-13F1-4A73-A29E-3FD2D4816423}.Debug|Any CPU.Build.0 = Debug|Any CPU
		{0CABAC7F-13F1-4A73-A29E-3FD2D4816423}.Release|Any CPU.ActiveCfg = Release|Any CPU
		{0CABAC7F-13F1-4A73-A29E-3FD2D4816423}.Release|Any CPU.Build.0 = Release|Any CPU
	EndGlobalSection
	GlobalSection(SolutionProperties) = preSolution
		HideSolutionNode = FALSE
	EndGlobalSection
	GlobalSection(ExtensibilityGlobals) = postSolution
		SolutionGuid = {041C13FD-169F-430D-B8F6-93C30621A9C6}
	EndGlobalSection
EndGlobal
